
Microsoft Visual Studio Solution File, Format Version 12.00
# Visual Studio Version 17
VisualStudioVersion = 17.7.34031.279
MinimumVisualStudioVersion = 10.0.40219.1
Project("{FAE04EC0-301F-11D3-BF4B-00C04F79EFBC}") = "Feed", "Feed.csproj", "{1FEADAF7-72B0-4A7D-A546-FF43BDAEFBBF}"
EndProject
Global
	GlobalSection(SolutionConfigurationPlatforms) = preSolution
		Debug|Any CPU = Debug|Any CPU
		Release|Any CPU = Release|Any CPU
	EndGlobalSection
	GlobalSection(ProjectConfigurationPlatforms) = postSolution
		{1FEADAF7-72B0-4A7D-A546-FF43BDAEFBBF}.Debug|Any CPU.ActiveCfg = Debug|Any CPU
		{1FEADAF7-72B0-4A7D-A546-FF43BDAEFBBF}.Debug|Any CPU.Build.0 = Debug|Any CPU
		{1FEADAF7-72B0-4A7D-A546-FF43BDAEFBBF}.Debug|Any CPU.Deploy.0 = Debug|Any CPU
		{1FEADAF7-72B0-4A7D-A546-FF43BDAEFBBF}.Release|Any CPU.ActiveCfg = Release|Any CPU
		{1FEADAF7-72B0-4A7D-A546-FF43BDAEFBBF}.Release|Any CPU.Build.0 = Release|Any CPU
		{1FEADAF7-72B0-4A7D-A546-FF43BDAEFBBF}.Release|Any CPU.Deploy.0 = Release|Any CPU
	EndGlobalSection
	GlobalSection(SolutionProperties) = preSolution
		HideSolutionNode = FALSE
	EndGlobalSection
	GlobalSection(ExtensibilityGlobals) = postSolution
		SolutionGuid = {D067F922-DA10-42C7-BEE7-18903A4BA489}
	EndGlobalSection
EndGlobal
